
Microsoft Visual Studio Solution File, Format Version 12.00
# Visual Studio 15
VisualStudioVersion = 15.0.27130.2027
MinimumVisualStudioVersion = 10.0.40219.1
Project("{8BC9CEB8-8B4A-11D0-8D11-00A0C91BC942}") = "CppLinkedList", "LinkedListStructure\CppLinkedList\CppLinkedList.vcxproj", "{4BA00543-A1DC-432C-860D-4994F479EEAF}"
EndProject
Project("{FAE04EC0-301F-11D3-BF4B-00C04F79EFBC}") = "DoublyLinkedList", "LinkedListStructure\DoublyLinkedList\DoublyLinkedList.csproj", "{DA7F9F47-B813-4099-94E0-1F0843194302}"
EndProject
Project("{2150E333-8FDC-42A3-9474-1A3956D46DE8}") = "LinkedList", "LinkedList", "{5A12A7AD-9854-4BF3-83CF-D97645E9054D}"
EndProject
Project("{FAE04EC0-301F-11D3-BF4B-00C04F79EFBC}") = "LinkedList", "LinkedListStructure\LinkedList\LinkedList.csproj", "{4D47603C-6AC4-4D95-B1A6-1E6BE7DC7341}"
EndProject
Project("{FAE04EC0-301F-11D3-BF4B-00C04F79EFBC}") = "LinkedList.Tests", "LinkedListStructure\LinkedList.Tests\LinkedList.Tests.csproj", "{2EEBB9D0-3B12-4443-BCAD-DE8980FCE546}"
EndProject
Project("{FAE04EC0-301F-11D3-BF4B-00C04F79EFBC}") = "NetFxLinkedList", "LinkedListStructure\NetFxLinkedList\NetFxLinkedList.csproj", "{7116E38E-EA05-4A5C-8F7E-3326B9F3E4E0}"
EndProject
Project("{FAE04EC0-301F-11D3-BF4B-00C04F79EFBC}") = "NodeChains", "LinkedListStructure\NodeChains\NodeChains.csproj", "{88A30C63-9AD0-4330-9803-B55BB448D95A}"
EndProject
Project("{2150E333-8FDC-42A3-9474-1A3956D46DE8}") = "Stack", "Stack", "{C2A2BB22-7E8F-4E8F-98F5-CCC57A779871}"
EndProject
Project("{FAE04EC0-301F-11D3-BF4B-00C04F79EFBC}") = "Calculator", "StackStructure\Calculator\Calculator.csproj", "{C1AF64F9-0D0C-4A21-A5B2-FB52EE98C25D}"
EndProject
Project("{FAE04EC0-301F-11D3-BF4B-00C04F79EFBC}") = "Stack.List", "StackStructure\Stack\Stack.List.csproj", "{C61D529C-AF26-441B-A375-9CE89E56FB65}"
EndProject
Project("{FAE04EC0-301F-11D3-BF4B-00C04F79EFBC}") = "Stack.Array", "StackStructure\Stack.Array\Stack.Array.csproj", "{F56BE7D6-F607-4A76-BF13-6D078CD1A5B2}"
EndProject
Project("{FAE04EC0-301F-11D3-BF4B-00C04F79EFBC}") = "Stack.Tests", "StackStructure\Stack.Tests\Stack.Tests.csproj", "{4FE3B420-7E63-4C2F-91B4-1536AA42A74F}"
EndProject
Project("{FAE04EC0-301F-11D3-BF4B-00C04F79EFBC}") = "WpfStackDemo", "StackStructure\WpfStackDemo\WpfStackDemo.csproj", "{94DE9000-A735-4BC5-883C-9CA89922EF2D}"
EndProject
Project("{2150E333-8FDC-42A3-9474-1A3956D46DE8}") = "Queue", "Queue", "{CF7CD744-9044-49BC-AC41-8BD820E5ACC5}"
EndProject
Project("{8BC9CEB8-8B4A-11D0-8D11-00A0C91BC942}") = "CppQueue", "Queue\CppQueue\CppQueue.vcxproj", "{B298EA6F-EBBD-4D37-AE69-A8A18A5DCD4A}"
EndProject
Project("{FAE04EC0-301F-11D3-BF4B-00C04F79EFBC}") = "NetFxQueue", "Queue\NetFxQueue\NetFxQueue.csproj", "{56C1C25E-5DBD-4B53-811D-4D9BB0640168}"
EndProject
Project("{FAE04EC0-301F-11D3-BF4B-00C04F79EFBC}") = "PriorityQueue", "Queue\PriorityQueue\PriorityQueue.csproj", "{1EC0A6CB-2255-4451-A320-D06964CBF8EA}"
EndProject
Project("{FAE04EC0-301F-11D3-BF4B-00C04F79EFBC}") = "Queue.Array", "Queue\Queue.Array\Queue.Array.csproj", "{26488139-95EA-424E-8A71-34D4A3C3E2C2}"
EndProject
Project("{FAE04EC0-301F-11D3-BF4B-00C04F79EFBC}") = "Queue.List", "Queue\Queue.List\Queue.List.csproj", "{26B5C959-8A9A-41DD-9A10-18F68FDEEA6C}"
EndProject
Project("{FAE04EC0-301F-11D3-BF4B-00C04F79EFBC}") = "Queue.Tests", "Queue\Queue.Tests\Queue.Tests.csproj", "{80578362-8E39-4C0B-8926-992686201F00}"
EndProject
Project("{FAE04EC0-301F-11D3-BF4B-00C04F79EFBC}") = "Wpf.VisualQueue", "Queue\Wpf.MessageQueue\Wpf.VisualQueue.csproj", "{7A88AD3F-EBA6-416E-AFC3-5B0F144D1B66}"
EndProject
Project("{FAE04EC0-301F-11D3-BF4B-00C04F79EFBC}") = "Wpf.PriorityVisualQueue", "Queue\Wpf.PriorityMessageQueue\Wpf.PriorityVisualQueue.csproj", "{642C811F-9A11-4042-96FA-8B1CFD5A271A}"
EndProject
Global
	GlobalSection(SolutionConfigurationPlatforms) = preSolution
		Debug|Any CPU = Debug|Any CPU
		Debug|x86 = Debug|x86
		Release|Any CPU = Release|Any CPU
		Release|x86 = Release|x86
	EndGlobalSection
	GlobalSection(ProjectConfigurationPlatforms) = postSolution
		{4BA00543-A1DC-432C-860D-4994F479EEAF}.Debug|Any CPU.ActiveCfg = Debug|Win32
		{4BA00543-A1DC-432C-860D-4994F479EEAF}.Debug|x86.ActiveCfg = Debug|Win32
		{4BA00543-A1DC-432C-860D-4994F479EEAF}.Debug|x86.Build.0 = Debug|Win32
		{4BA00543-A1DC-432C-860D-4994F479EEAF}.Release|Any CPU.ActiveCfg = Release|Win32
		{4BA00543-A1DC-432C-860D-4994F479EEAF}.Release|x86.ActiveCfg = Release|Win32
		{4BA00543-A1DC-432C-860D-4994F479EEAF}.Release|x86.Build.0 = Release|Win32
		{DA7F9F47-B813-4099-94E0-1F0843194302}.Debug|Any CPU.ActiveCfg = Debug|Any CPU
		{DA7F9F47-B813-4099-94E0-1F0843194302}.Debug|Any CPU.Build.0 = Debug|Any CPU
		{DA7F9F47-B813-4099-94E0-1F0843194302}.Debug|x86.ActiveCfg = Debug|Any CPU
		{DA7F9F47-B813-4099-94E0-1F0843194302}.Debug|x86.Build.0 = Debug|Any CPU
		{DA7F9F47-B813-4099-94E0-1F0843194302}.Release|Any CPU.ActiveCfg = Release|Any CPU
		{DA7F9F47-B813-4099-94E0-1F0843194302}.Release|Any CPU.Build.0 = Release|Any CPU
		{DA7F9F47-B813-4099-94E0-1F0843194302}.Release|x86.ActiveCfg = Release|Any CPU
		{DA7F9F47-B813-4099-94E0-1F0843194302}.Release|x86.Build.0 = Release|Any CPU
		{4D47603C-6AC4-4D95-B1A6-1E6BE7DC7341}.Debug|Any CPU.ActiveCfg = Debug|Any CPU
		{4D47603C-6AC4-4D95-B1A6-1E6BE7DC7341}.Debug|Any CPU.Build.0 = Debug|Any CPU
		{4D47603C-6AC4-4D95-B1A6-1E6BE7DC7341}.Debug|x86.ActiveCfg = Debug|Any CPU
		{4D47603C-6AC4-4D95-B1A6-1E6BE7DC7341}.Debug|x86.Build.0 = Debug|Any CPU
		{4D47603C-6AC4-4D95-B1A6-1E6BE7DC7341}.Release|Any CPU.ActiveCfg = Release|Any CPU
		{4D47603C-6AC4-4D95-B1A6-1E6BE7DC7341}.Release|Any CPU.Build.0 = Release|Any CPU
		{4D47603C-6AC4-4D95-B1A6-1E6BE7DC7341}.Release|x86.ActiveCfg = Release|Any CPU
		{4D47603C-6AC4-4D95-B1A6-1E6BE7DC7341}.Release|x86.Build.0 = Release|Any CPU
		{2EEBB9D0-3B12-4443-BCAD-DE8980FCE546}.Debug|Any CPU.ActiveCfg = Debug|Any CPU
		{2EEBB9D0-3B12-4443-BCAD-DE8980FCE546}.Debug|Any CPU.Build.0 = Debug|Any CPU
		{2EEBB9D0-3B12-4443-BCAD-DE8980FCE546}.Debug|x86.ActiveCfg = Debug|Any CPU
		{2EEBB9D0-3B12-4443-BCAD-DE8980FCE546}.Debug|x86.Build.0 = Debug|Any CPU
		{2EEBB9D0-3B12-4443-BCAD-DE8980FCE546}.Release|Any CPU.ActiveCfg = Release|Any CPU
		{2EEBB9D0-3B12-4443-BCAD-DE8980FCE546}.Release|Any CPU.Build.0 = Release|Any CPU
		{2EEBB9D0-3B12-4443-BCAD-DE8980FCE546}.Release|x86.ActiveCfg = Release|Any CPU
		{2EEBB9D0-3B12-4443-BCAD-DE8980FCE546}.Release|x86.Build.0 = Release|Any CPU
		{7116E38E-EA05-4A5C-8F7E-3326B9F3E4E0}.Debug|Any CPU.ActiveCfg = Debug|x86
		{7116E38E-EA05-4A5C-8F7E-3326B9F3E4E0}.Debug|x86.ActiveCfg = Debug|x86
		{7116E38E-EA05-4A5C-8F7E-3326B9F3E4E0}.Debug|x86.Build.0 = Debug|x86
		{7116E38E-EA05-4A5C-8F7E-3326B9F3E4E0}.Release|Any CPU.ActiveCfg = Release|x86
		{7116E38E-EA05-4A5C-8F7E-3326B9F3E4E0}.Release|x86.ActiveCfg = Release|x86
		{7116E38E-EA05-4A5C-8F7E-3326B9F3E4E0}.Release|x86.Build.0 = Release|x86
		{88A30C63-9AD0-4330-9803-B55BB448D95A}.Debug|Any CPU.ActiveCfg = Debug|x86
		{88A30C63-9AD0-4330-9803-B55BB448D95A}.Debug|x86.ActiveCfg = Debug|x86
		{88A30C63-9AD0-4330-9803-B55BB448D95A}.Debug|x86.Build.0 = Debug|x86
		{88A30C63-9AD0-4330-9803-B55BB448D95A}.Release|Any CPU.ActiveCfg = Release|x86
		{88A30C63-9AD0-4330-9803-B55BB448D95A}.Release|x86.ActiveCfg = Release|x86
		{88A30C63-9AD0-4330-9803-B55BB448D95A}.Release|x86.Build.0 = Release|x86
		{C1AF64F9-0D0C-4A21-A5B2-FB52EE98C25D}.Debug|Any CPU.ActiveCfg = Debug|x86
		{C1AF64F9-0D0C-4A21-A5B2-FB52EE98C25D}.Debug|x86.ActiveCfg = Debug|x86
		{C1AF64F9-0D0C-4A21-A5B2-FB52EE98C25D}.Debug|x86.Build.0 = Debug|x86
		{C1AF64F9-0D0C-4A21-A5B2-FB52EE98C25D}.Release|Any CPU.ActiveCfg = Release|x86
		{C1AF64F9-0D0C-4A21-A5B2-FB52EE98C25D}.Release|x86.ActiveCfg = Release|x86
		{C1AF64F9-0D0C-4A21-A5B2-FB52EE98C25D}.Release|x86.Build.0 = Release|x86
		{C61D529C-AF26-441B-A375-9CE89E56FB65}.Debug|Any CPU.ActiveCfg = Debug|Any CPU
		{C61D529C-AF26-441B-A375-9CE89E56FB65}.Debug|Any CPU.Build.0 = Debug|Any CPU
		{C61D529C-AF26-441B-A375-9CE89E56FB65}.Debug|x86.ActiveCfg = Debug|Any CPU
		{C61D529C-AF26-441B-A375-9CE89E56FB65}.Debug|x86.Build.0 = Debug|Any CPU
		{C61D529C-AF26-441B-A375-9CE89E56FB65}.Release|Any CPU.ActiveCfg = Release|Any CPU
		{C61D529C-AF26-441B-A375-9CE89E56FB65}.Release|Any CPU.Build.0 = Release|Any CPU
		{C61D529C-AF26-441B-A375-9CE89E56FB65}.Release|x86.ActiveCfg = Release|Any CPU
		{C61D529C-AF26-441B-A375-9CE89E56FB65}.Release|x86.Build.0 = Release|Any CPU
		{F56BE7D6-F607-4A76-BF13-6D078CD1A5B2}.Debug|Any CPU.ActiveCfg = Debug|Any CPU
		{F56BE7D6-F607-4A76-BF13-6D078CD1A5B2}.Debug|Any CPU.Build.0 = Debug|Any CPU
		{F56BE7D6-F607-4A76-BF13-6D078CD1A5B2}.Debug|x86.ActiveCfg = Debug|Any CPU
		{F56BE7D6-F607-4A76-BF13-6D078CD1A5B2}.Debug|x86.Build.0 = Debug|Any CPU
		{F56BE7D6-F607-4A76-BF13-6D078CD1A5B2}.Release|Any CPU.ActiveCfg = Release|Any CPU
		{F56BE7D6-F607-4A76-BF13-6D078CD1A5B2}.Release|Any CPU.Build.0 = Release|Any CPU
		{F56BE7D6-F607-4A76-BF13-6D078CD1A5B2}.Release|x86.ActiveCfg = Release|Any CPU
		{F56BE7D6-F607-4A76-BF13-6D078CD1A5B2}.Release|x86.Build.0 = Release|Any CPU
		{4FE3B420-7E63-4C2F-91B4-1536AA42A74F}.Debug|Any CPU.ActiveCfg = Debug|Any CPU
		{4FE3B420-7E63-4C2F-91B4-1536AA42A74F}.Debug|Any CPU.Build.0 = Debug|Any CPU
		{4FE3B420-7E63-4C2F-91B4-1536AA42A74F}.Debug|x86.ActiveCfg = Debug|Any CPU
		{4FE3B420-7E63-4C2F-91B4-1536AA42A74F}.Debug|x86.Build.0 = Debug|Any CPU
		{4FE3B420-7E63-4C2F-91B4-1536AA42A74F}.Release|Any CPU.ActiveCfg = Release|Any CPU
		{4FE3B420-7E63-4C2F-91B4-1536AA42A74F}.Release|Any CPU.Build.0 = Release|Any CPU
		{4FE3B420-7E63-4C2F-91B4-1536AA42A74F}.Release|x86.ActiveCfg = Release|Any CPU
		{4FE3B420-7E63-4C2F-91B4-1536AA42A74F}.Release|x86.Build.0 = Release|Any CPU
		{94DE9000-A735-4BC5-883C-9CA89922EF2D}.Debug|Any CPU.ActiveCfg = Debug|x86
		{94DE9000-A735-4BC5-883C-9CA89922EF2D}.Debug|x86.ActiveCfg = Debug|x86
		{94DE9000-A735-4BC5-883C-9CA89922EF2D}.Debug|x86.Build.0 = Debug|x86
		{94DE9000-A735-4BC5-883C-9CA89922EF2D}.Release|Any CPU.ActiveCfg = Release|x86
		{94DE9000-A735-4BC5-883C-9CA89922EF2D}.Release|x86.ActiveCfg = Release|x86
		{94DE9000-A735-4BC5-883C-9CA89922EF2D}.Release|x86.Build.0 = Release|x86
		{B298EA6F-EBBD-4D37-AE69-A8A18A5DCD4A}.Debug|Any CPU.ActiveCfg = Debug|Win32
		{B298EA6F-EBBD-4D37-AE69-A8A18A5DCD4A}.Debug|x86.ActiveCfg = Debug|Win32
		{B298EA6F-EBBD-4D37-AE69-A8A18A5DCD4A}.Debug|x86.Build.0 = Debug|Win32
		{B298EA6F-EBBD-4D37-AE69-A8A18A5DCD4A}.Release|Any CPU.ActiveCfg = Release|Win32
		{B298EA6F-EBBD-4D37-AE69-A8A18A5DCD4A}.Release|x86.ActiveCfg = Release|Win32
		{B298EA6F-EBBD-4D37-AE69-A8A18A5DCD4A}.Release|x86.Build.0 = Release|Win32
		{56C1C25E-5DBD-4B53-811D-4D9BB0640168}.Debug|Any CPU.ActiveCfg = Debug|x86
		{56C1C25E-5DBD-4B53-811D-4D9BB0640168}.Debug|x86.ActiveCfg = Debug|x86
		{56C1C25E-5DBD-4B53-811D-4D9BB0640168}.Debug|x86.Build.0 = Debug|x86
		{56C1C25E-5DBD-4B53-811D-4D9BB0640168}.Release|Any CPU.ActiveCfg = Release|x86
		{56C1C25E-5DBD-4B53-811D-4D9BB0640168}.Release|x86.ActiveCfg = Release|x86
		{56C1C25E-5DBD-4B53-811D-4D9BB0640168}.Release|x86.Build.0 = Release|x86
		{1EC0A6CB-2255-4451-A320-D06964CBF8EA}.Debug|Any CPU.ActiveCfg = Debug|Any CPU
		{1EC0A6CB-2255-4451-A320-D06964CBF8EA}.Debug|Any CPU.Build.0 = Debug|Any CPU
		{1EC0A6CB-2255-4451-A320-D06964CBF8EA}.Debug|x86.ActiveCfg = Debug|Any CPU
		{1EC0A6CB-2255-4451-A320-D06964CBF8EA}.Debug|x86.Build.0 = Debug|Any CPU
		{1EC0A6CB-2255-4451-A320-D06964CBF8EA}.Release|Any CPU.ActiveCfg = Release|Any CPU
		{1EC0A6CB-2255-4451-A320-D06964CBF8EA}.Release|Any CPU.Build.0 = Release|Any CPU
		{1EC0A6CB-2255-4451-A320-D06964CBF8EA}.Release|x86.ActiveCfg = Release|Any CPU
		{1EC0A6CB-2255-4451-A320-D06964CBF8EA}.Release|x86.Build.0 = Release|Any CPU
		{26488139-95EA-424E-8A71-34D4A3C3E2C2}.Debug|Any CPU.ActiveCfg = Debug|Any CPU
		{26488139-95EA-424E-8A71-34D4A3C3E2C2}.Debug|Any CPU.Build.0 = Debug|Any CPU
		{26488139-95EA-424E-8A71-34D4A3C3E2C2}.Debug|x86.ActiveCfg = Debug|Any CPU
		{26488139-95EA-424E-8A71-34D4A3C3E2C2}.Debug|x86.Build.0 = Debug|Any CPU
		{26488139-95EA-424E-8A71-34D4A3C3E2C2}.Release|Any CPU.ActiveCfg = Release|Any CPU
		{26488139-95EA-424E-8A71-34D4A3C3E2C2}.Release|Any CPU.Build.0 = Release|Any CPU
		{26488139-95EA-424E-8A71-34D4A3C3E2C2}.Release|x86.ActiveCfg = Release|Any CPU
		{26488139-95EA-424E-8A71-34D4A3C3E2C2}.Release|x86.Build.0 = Release|Any CPU
		{26B5C959-8A9A-41DD-9A10-18F68FDEEA6C}.Debug|Any CPU.ActiveCfg = Debug|Any CPU
		{26B5C959-8A9A-41DD-9A10-18F68FDEEA6C}.Debug|Any CPU.Build.0 = Debug|Any CPU
		{26B5C959-8A9A-41DD-9A10-18F68FDEEA6C}.Debug|x86.ActiveCfg = Debug|Any CPU
		{26B5C959-8A9A-41DD-9A10-18F68FDEEA6C}.Debug|x86.Build.0 = Debug|Any CPU
		{26B5C959-8A9A-41DD-9A10-18F68FDEEA6C}.Release|Any CPU.ActiveCfg = Release|Any CPU
		{26B5C959-8A9A-41DD-9A10-18F68FDEEA6C}.Release|Any CPU.Build.0 = Release|Any CPU
		{26B5C959-8A9A-41DD-9A10-18F68FDEEA6C}.Release|x86.ActiveCfg = Release|Any CPU
		{26B5C959-8A9A-41DD-9A10-18F68FDEEA6C}.Release|x86.Build.0 = Release|Any CPU
		{80578362-8E39-4C0B-8926-992686201F00}.Debug|Any CPU.ActiveCfg = Debug|Any CPU
		{80578362-8E39-4C0B-8926-992686201F00}.Debug|Any CPU.Build.0 = Debug|Any CPU
		{80578362-8E39-4C0B-8926-992686201F00}.Debug|x86.ActiveCfg = Debug|Any CPU
		{80578362-8E39-4C0B-8926-992686201F00}.Debug|x86.Build.0 = Debug|Any CPU
		{80578362-8E39-4C0B-8926-992686201F00}.Release|Any CPU.ActiveCfg = Release|Any CPU
		{80578362-8E39-4C0B-8926-992686201F00}.Release|Any CPU.Build.0 = Release|Any CPU
		{80578362-8E39-4C0B-8926-992686201F00}.Release|x86.ActiveCfg = Release|Any CPU
		{80578362-8E39-4C0B-8926-992686201F00}.Release|x86.Build.0 = Release|Any CPU
		{7A88AD3F-EBA6-416E-AFC3-5B0F144D1B66}.Debug|Any CPU.ActiveCfg = Debug|x86
		{7A88AD3F-EBA6-416E-AFC3-5B0F144D1B66}.Debug|x86.ActiveCfg = Debug|x86
		{7A88AD3F-EBA6-416E-AFC3-5B0F144D1B66}.Debug|x86.Build.0 = Debug|x86
		{7A88AD3F-EBA6-416E-AFC3-5B0F144D1B66}.Release|Any CPU.ActiveCfg = Release|x86
		{7A88AD3F-EBA6-416E-AFC3-5B0F144D1B66}.Release|x86.ActiveCfg = Release|x86
		{7A88AD3F-EBA6-416E-AFC3-5B0F144D1B66}.Release|x86.Build.0 = Release|x86
		{642C811F-9A11-4042-96FA-8B1CFD5A271A}.Debug|Any CPU.ActiveCfg = Debug|x86
		{642C811F-9A11-4042-96FA-8B1CFD5A271A}.Debug|x86.ActiveCfg = Debug|x86
		{642C811F-9A11-4042-96FA-8B1CFD5A271A}.Debug|x86.Build.0 = Debug|x86
		{642C811F-9A11-4042-96FA-8B1CFD5A271A}.Release|Any CPU.ActiveCfg = Release|x86
		{642C811F-9A11-4042-96FA-8B1CFD5A271A}.Release|x86.ActiveCfg = Release|x86
		{642C811F-9A11-4042-96FA-8B1CFD5A271A}.Release|x86.Build.0 = Release|x86
	EndGlobalSection
	GlobalSection(SolutionProperties) = preSolution
		HideSolutionNode = FALSE
	EndGlobalSection
	GlobalSection(NestedProjects) = preSolution
		{4BA00543-A1DC-432C-860D-4994F479EEAF} = {5A12A7AD-9854-4BF3-83CF-D97645E9054D}
		{DA7F9F47-B813-4099-94E0-1F0843194302} = {5A12A7AD-9854-4BF3-83CF-D97645E9054D}
		{4D47603C-6AC4-4D95-B1A6-1E6BE7DC7341} = {5A12A7AD-9854-4BF3-83CF-D97645E9054D}
		{2EEBB9D0-3B12-4443-BCAD-DE8980FCE546} = {5A12A7AD-9854-4BF3-83CF-D97645E9054D}
		{7116E38E-EA05-4A5C-8F7E-3326B9F3E4E0} = {5A12A7AD-9854-4BF3-83CF-D97645E9054D}
		{88A30C63-9AD0-4330-9803-B55BB448D95A} = {5A12A7AD-9854-4BF3-83CF-D97645E9054D}
		{C1AF64F9-0D0C-4A21-A5B2-FB52EE98C25D} = {C2A2BB22-7E8F-4E8F-98F5-CCC57A779871}
		{C61D529C-AF26-441B-A375-9CE89E56FB65} = {C2A2BB22-7E8F-4E8F-98F5-CCC57A779871}
		{F56BE7D6-F607-4A76-BF13-6D078CD1A5B2} = {C2A2BB22-7E8F-4E8F-98F5-CCC57A779871}
		{4FE3B420-7E63-4C2F-91B4-1536AA42A74F} = {C2A2BB22-7E8F-4E8F-98F5-CCC57A779871}
		{94DE9000-A735-4BC5-883C-9CA89922EF2D} = {C2A2BB22-7E8F-4E8F-98F5-CCC57A779871}
		{B298EA6F-EBBD-4D37-AE69-A8A18A5DCD4A} = {CF7CD744-9044-49BC-AC41-8BD820E5ACC5}
		{56C1C25E-5DBD-4B53-811D-4D9BB0640168} = {CF7CD744-9044-49BC-AC41-8BD820E5ACC5}
		{1EC0A6CB-2255-4451-A320-D06964CBF8EA} = {CF7CD744-9044-49BC-AC41-8BD820E5ACC5}
		{26488139-95EA-424E-8A71-34D4A3C3E2C2} = {CF7CD744-9044-49BC-AC41-8BD820E5ACC5}
		{26B5C959-8A9A-41DD-9A10-18F68FDEEA6C} = {CF7CD744-9044-49BC-AC41-8BD820E5ACC5}
		{80578362-8E39-4C0B-8926-992686201F00} = {CF7CD744-9044-49BC-AC41-8BD820E5ACC5}
		{7A88AD3F-EBA6-416E-AFC3-5B0F144D1B66} = {CF7CD744-9044-49BC-AC41-8BD820E5ACC5}
		{642C811F-9A11-4042-96FA-8B1CFD5A271A} = {CF7CD744-9044-49BC-AC41-8BD820E5ACC5}
	EndGlobalSection
	GlobalSection(ExtensibilityGlobals) = postSolution
		SolutionGuid = {BCD5DFC5-B218-4886-B800-0ED62CCF7212}
	EndGlobalSection
EndGlobal
